{
	"requires": true,
	"lockfileVersion": 1,
	"dependencies": {
		"@babel/runtime": {
			"version": "7.1.2",
			"resolved": "https://registry.npmjs.org/@babel/runtime/-/runtime-7.1.2.tgz",
			"integrity": "sha512-Y3SCjmhSupzFB6wcv1KmmFucH6gDVnI30WjOcicV10ju0cZjak3Jcs67YLIXBrmZYw1xCrVeJPbycFwrqNyxpg==",
			"requires": {
				"regenerator-runtime": "^0.12.0"
			}
		},
		"crypto": {
			"version": "0.0.3",
			"resolved": "https://registry.npmjs.org/crypto/-/crypto-0.0.3.tgz",
			"integrity": "sha1-RwqBuGvkxe4XrMggeh9TFa4g27A="
		},
		"meteor-standalone-random": {
			"version": "0.0.3",
			"resolved": "https://registry.npmjs.org/meteor-standalone-random/-/meteor-standalone-random-0.0.3.tgz",
			"integrity": "sha1-DRSJ7Nuby1i7Ut7Ov7zt31RHOmg=",
			"requires": {
				"crypto": "0.0.3"
			}
		},
		"regenerator-runtime": {
			"version": "0.12.1",
			"resolved": "https://registry.npmjs.org/regenerator-runtime/-/regenerator-runtime-0.12.1.tgz",
			"integrity": "sha512-odxIc1/vDlo4iZcfXqRYFj0vpXFNoGdKMAUieAlFYO6m/nl5e9KR/beGf41z4a1FI+aQgtjhuaSlDxQ0hmkrHg=="
		},
		"sanitize-filename": {
			"version": "1.6.1",
			"resolved": "https://registry.npmjs.org/sanitize-filename/-/sanitize-filename-1.6.1.tgz",
			"integrity": "sha1-YS2hyWRz+gLczaktzVtKsWSmdyo=",
			"requires": {
				"truncate-utf8-bytes": "^1.0.0"
			}
		},
		"truncate-utf8-bytes": {
			"version": "1.0.2",
			"resolved": "https://registry.npmjs.org/truncate-utf8-bytes/-/truncate-utf8-bytes-1.0.2.tgz",
			"integrity": "sha1-QFkjkJWS1W94pYGENLC3hInKXys=",
			"requires": {
				"utf8-byte-length": "^1.0.1"
			}
		},
		"utf8-byte-length": {
			"version": "1.0.4",
			"resolved": "https://registry.npmjs.org/utf8-byte-length/-/utf8-byte-length-1.0.4.tgz",
			"integrity": "sha1-9F8VDExm7uloGGUFq5P8u4rWv2E="
		}
	}
}
