{
	"requires": true,
	"lockfileVersion": 1,
	"dependencies": {
		"@babel/runtime": {
			"version": "7.1.2",
			"resolved": "https://registry.npmjs.org/@babel/runtime/-/runtime-7.1.2.tgz",
			"integrity": "sha512-Y3SCjmhSupzFB6wcv1KmmFucH6gDVnI30WjOcicV10ju0cZjak3Jcs67YLIXBrmZYw1xCrVeJPbycFwrqNyxpg==",
			"requires": {
				"regenerator-runtime": "^0.12.0"
			}
		},
		"lodash.isplainobject": {
			"version": "4.0.6",
			"resolved": "https://registry.npmjs.org/lodash.isplainobject/-/lodash.isplainobject-4.0.6.tgz",
			"integrity": "sha1-fFJqUtibRcRcxpC4gWO+BJf1UMs="
		},
		"qs": {
			"version": "6.5.2",
			"resolved": "https://registry.npmjs.org/qs/-/qs-6.5.2.tgz",
			"integrity": "sha512-N5ZAX4/LxJmF+7wN74pUD6qAh9/wnvdQcjq9TZjevvXzSUo7bfmw91saqMjzGS2xq91/odN2dW/WOl7qQHNDGA=="
		},
		"regenerator-runtime": {
			"version": "0.12.1",
			"resolved": "https://registry.npmjs.org/regenerator-runtime/-/regenerator-runtime-0.12.1.tgz",
			"integrity": "sha512-odxIc1/vDlo4iZcfXqRYFj0vpXFNoGdKMAUieAlFYO6m/nl5e9KR/beGf41z4a1FI+aQgtjhuaSlDxQ0hmkrHg=="
		},
		"safe-buffer": {
			"version": "5.1.2",
			"resolved": "https://registry.npmjs.org/safe-buffer/-/safe-buffer-5.1.2.tgz",
			"integrity": "sha512-Gd2UZBJDkXlY7GbJxfsE8/nvKkUEU1G38c1siN6QP6a9PT9MmHB8GnpscSmMJSoF8LOIrt8ud/wPtojys4G6+g=="
		},
		"stripe": {
			"version": "6.12.1",
			"resolved": "https://registry.npmjs.org/stripe/-/stripe-6.12.1.tgz",
			"integrity": "sha512-1zBx/ruJRWYaQYArld/Nju5+/1e+kx69XFfMpA6lB7yhGitTBlneA9KrHzmhb9geAoJmiUiXg+deKWyIf03wHA==",
			"requires": {
				"lodash.isplainobject": "^4.0.6",
				"qs": "~6.5.1",
				"safe-buffer": "^5.1.1"
			}
		}
	}
}
